// !$*UTF8*$!
{
	archiveVersion = 1;
	classes = {
	};
	objectVersion = 46;
	objects = {

/* Begin PBXBuildFile section */
		2A0671051D2C099200CF9FFB /* love.mp3 in Resources */ = {isa = PBXBuildFile; fileRef = 2A0671041D2C099200CF9FFB /* love.mp3 */; };
		2AAF52DB1D2BF61E00B808F3 /* AudioViewController.m in Sources */ = {isa = PBXBuildFile; fileRef = 2AAF52DA1D2BF61E00B808F3 /* AudioViewController.m */; };
		2AEF77341D2B957300FCE915 /* ServerViewController.m in Sources */ = {isa = PBXBuildFile; fileRef = 2AEF77331D2B957300FCE915 /* ServerViewController.m */; };
		328C83611CEEF0BA00F06ED3 /* main.m in Sources */ = {isa = PBXBuildFile; fileRef = 328C83601CEEF0BA00F06ED3 /* main.m */; };
		328C83641CEEF0BA00F06ED3 /* AppDelegate.m in Sources */ = {isa = PBXBuildFile; fileRef = 328C83631CEEF0BA00F06ED3 /* AppDelegate.m */; };
		328C83671CEEF0BA00F06ED3 /* ViewController.m in Sources */ = {isa = PBXBuildFile; fileRef = 328C83661CEEF0BA00F06ED3 /* ViewController.m */; };
		328C836A1CEEF0BA00F06ED3 /* Main.storyboard in Resources */ = {isa = PBXBuildFile; fileRef = 328C83681CEEF0BA00F06ED3 /* Main.storyboard */; };
		328C836C1CEEF0BA00F06ED3 /* Assets.xcassets in Resources */ = {isa = PBXBuildFile; fileRef = 328C836B1CEEF0BA00F06ED3 /* Assets.xcassets */; };
		328C836F1CEEF0BA00F06ED3 /* LaunchScreen.storyboard in Resources */ = {isa = PBXBuildFile; fileRef = 328C836D1CEEF0BA00F06ED3 /* LaunchScreen.storyboard */; };
		328C837A1CEEF0BA00F06ED3 /* remoteIoUnitTests.m in Sources */ = {isa = PBXBuildFile; fileRef = 328C83791CEEF0BA00F06ED3 /* remoteIoUnitTests.m */; };
		328C83851CEEF0BA00F06ED3 /* remoteIoUnitUITests.m in Sources */ = {isa = PBXBuildFile; fileRef = 328C83841CEEF0BA00F06ED3 /* remoteIoUnitUITests.m */; };
		328C83951CEEFA1C00F06ED3 /* InMemoryAudioFile.m in Sources */ = {isa = PBXBuildFile; fileRef = 328C83941CEEFA1C00F06ED3 /* InMemoryAudioFile.m */; };
		32FC49711CF58B2F001AFFDE /* OpenAL.framework in Frameworks */ = {isa = PBXBuildFile; fileRef = 32FC49701CF58B2F001AFFDE /* OpenAL.framework */; };
		6A03E5121E2FBB64639029EC /* libPods.a in Frameworks */ = {isa = PBXBuildFile; fileRef = A0694F968107073A9A3D8EED /* libPods.a */; };
/* End PBXBuildFile section */

/* Begin PBXContainerItemProxy section */
		328C83761CEEF0BA00F06ED3 /* PBXContainerItemProxy */ = {
			isa = PBXContainerItemProxy;
			containerPortal = 328C83541CEEF0BA00F06ED3 /* Project object */;
			proxyType = 1;
			remoteGlobalIDString = 328C835B1CEEF0BA00F06ED3;
			remoteInfo = remoteIoUnit;
		};
		328C83811CEEF0BA00F06ED3 /* PBXContainerItemProxy */ = {
			isa = PBXContainerItemProxy;
			containerPortal = 328C83541CEEF0BA00F06ED3 /* Project object */;
			proxyType = 1;
			remoteGlobalIDString = 328C835B1CEEF0BA00F06ED3;
			remoteInfo = remoteIoUnit;
		};
/* End PBXContainerItemProxy section */

/* Begin PBXFileReference section */
		2A0671041D2C099200CF9FFB /* love.mp3 */ = {isa = PBXFileReference; lastKnownFileType = audio.mp3; path = love.mp3; sourceTree = "<group>"; };
		2AAF52D91D2BF61E00B808F3 /* AudioViewController.h */ = {isa = PBXFileReference; fileEncoding = 4; lastKnownFileType = sourcecode.c.h; path = AudioViewController.h; sourceTree = "<group>"; };
		2AAF52DA1D2BF61E00B808F3 /* AudioViewController.m */ = {isa = PBXFileReference; fileEncoding = 4; lastKnownFileType = sourcecode.c.objc; path = AudioViewController.m; sourceTree = "<group>"; };
		2AEF77321D2B957300FCE915 /* ServerViewController.h */ = {isa = PBXFileReference; fileEncoding = 4; lastKnownFileType = sourcecode.c.h; path = ServerViewController.h; sourceTree = "<group>"; };
		2AEF77331D2B957300FCE915 /* ServerViewController.m */ = {isa = PBXFileReference; fileEncoding = 4; lastKnownFileType = sourcecode.c.objc; path = ServerViewController.m; sourceTree = "<group>"; };
		328C835C1CEEF0BA00F06ED3 /* remoteIoUnit.app */ = {isa = PBXFileReference; explicitFileType = wrapper.application; includeInIndex = 0; path = remoteIoUnit.app; sourceTree = BUILT_PRODUCTS_DIR; };
		328C83601CEEF0BA00F06ED3 /* main.m */ = {isa = PBXFileReference; lastKnownFileType = sourcecode.c.objc; path = main.m; sourceTree = "<group>"; };
		328C83621CEEF0BA00F06ED3 /* AppDelegate.h */ = {isa = PBXFileReference; lastKnownFileType = sourcecode.c.h; path = AppDelegate.h; sourceTree = "<group>"; };
		328C83631CEEF0BA00F06ED3 /* AppDelegate.m */ = {isa = PBXFileReference; lastKnownFileType = sourcecode.c.objc; path = AppDelegate.m; sourceTree = "<group>"; };
		328C83651CEEF0BA00F06ED3 /* ViewController.h */ = {isa = PBXFileReference; lastKnownFileType = sourcecode.c.h; path = ViewController.h; sourceTree = "<group>"; };
		328C83661CEEF0BA00F06ED3 /* ViewController.m */ = {isa = PBXFileReference; lastKnownFileType = sourcecode.c.objc; path = ViewController.m; sourceTree = "<group>"; };
		328C83691CEEF0BA00F06ED3 /* Base */ = {isa = PBXFileReference; lastKnownFileType = file.storyboard; name = Base; path = Base.lproj/Main.storyboard; sourceTree = "<group>"; };
		328C836B1CEEF0BA00F06ED3 /* Assets.xcassets */ = {isa = PBXFileReference; lastKnownFileType = folder.assetcatalog; path = Assets.xcassets; sourceTree = "<group>"; };
		328C836E1CEEF0BA00F06ED3 /* Base */ = {isa = PBXFileReference; lastKnownFileType = file.storyboard; name = Base; path = Base.lproj/LaunchScreen.storyboard; sourceTree = "<group>"; };
		328C83701CEEF0BA00F06ED3 /* Info.plist */ = {isa = PBXFileReference; lastKnownFileType = text.plist.xml; path = Info.plist; sourceTree = "<group>"; };
		328C83751CEEF0BA00F06ED3 /* remoteIoUnitTests.xctest */ = {isa = PBXFileReference; explicitFileType = wrapper.cfbundle; includeInIndex = 0; path = remoteIoUnitTests.xctest; sourceTree = BUILT_PRODUCTS_DIR; };
		328C83791CEEF0BA00F06ED3 /* remoteIoUnitTests.m */ = {isa = PBXFileReference; lastKnownFileType = sourcecode.c.objc; path = remoteIoUnitTests.m; sourceTree = "<group>"; };
		328C837B1CEEF0BA00F06ED3 /* Info.plist */ = {isa = PBXFileReference; lastKnownFileType = text.plist.xml; path = Info.plist; sourceTree = "<group>"; };
		328C83801CEEF0BA00F06ED3 /* remoteIoUnitUITests.xctest */ = {isa = PBXFileReference; explicitFileType = wrapper.cfbundle; includeInIndex = 0; path = remoteIoUnitUITests.xctest; sourceTree = BUILT_PRODUCTS_DIR; };
		328C83841CEEF0BA00F06ED3 /* remoteIoUnitUITests.m */ = {isa = PBXFileReference; lastKnownFileType = sourcecode.c.objc; path = remoteIoUnitUITests.m; sourceTree = "<group>"; };
		328C83861CEEF0BA00F06ED3 /* Info.plist */ = {isa = PBXFileReference; lastKnownFileType = text.plist.xml; path = Info.plist; sourceTree = "<group>"; };
		328C83931CEEFA1C00F06ED3 /* InMemoryAudioFile.h */ = {isa = PBXFileReference; fileEncoding = 4; lastKnownFileType = sourcecode.c.h; path = InMemoryAudioFile.h; sourceTree = "<group>"; };
		328C83941CEEFA1C00F06ED3 /* InMemoryAudioFile.m */ = {isa = PBXFileReference; fileEncoding = 4; lastKnownFileType = sourcecode.c.objc; path = InMemoryAudioFile.m; sourceTree = "<group>"; };
		32FC49701CF58B2F001AFFDE /* OpenAL.framework */ = {isa = PBXFileReference; lastKnownFileType = wrapper.framework; name = OpenAL.framework; path = System/Library/Frameworks/OpenAL.framework; sourceTree = SDKROOT; };
		A0694F968107073A9A3D8EED /* libPods.a */ = {isa = PBXFileReference; explicitFileType = archive.ar; includeInIndex = 0; path = libPods.a; sourceTree = BUILT_PRODUCTS_DIR; };
		B14F726EA75017AD8AF2AAA9 /* Pods.release.xcconfig */ = {isa = PBXFileReference; includeInIndex = 1; lastKnownFileType = text.xcconfig; name = Pods.release.xcconfig; path = "Pods/Target Support Files/Pods/Pods.release.xcconfig"; sourceTree = "<group>"; };
		C1CD2AF8A4DA922806D1CA15 /* Pods.debug.xcconfig */ = {isa = PBXFileReference; includeInIndex = 1; lastKnownFileType = text.xcconfig; name = Pods.debug.xcconfig; path = "Pods/Target Support Files/Pods/Pods.debug.xcconfig"; sourceTree = "<group>"; };
/* End PBXFileReference section */

/* Begin PBXFrameworksBuildPhase section */
		328C83591CEEF0BA00F06ED3 /* Frameworks */ = {
			isa = PBXFrameworksBuildPhase;
			buildActionMask = 2147483647;
			files = (
				32FC49711CF58B2F001AFFDE /* OpenAL.framework in Frameworks */,
				6A03E5121E2FBB64639029EC /* libPods.a in Frameworks */,
			);
			runOnlyForDeploymentPostprocessing = 0;
		};
		328C83721CEEF0BA00F06ED3 /* Frameworks */ = {
			isa = PBXFrameworksBuildPhase;
			buildActionMask = 2147483647;
			files = (
			);
			runOnlyForDeploymentPostprocessing = 0;
		};
		328C837D1CEEF0BA00F06ED3 /* Frameworks */ = {
			isa = PBXFrameworksBuildPhase;
			buildActionMask = 2147483647;
			files = (
			);
			runOnlyForDeploymentPostprocessing = 0;
		};
/* End PBXFrameworksBuildPhase section */

/* Begin PBXGroup section */
		328C83531CEEF0BA00F06ED3 = {
			isa = PBXGroup;
			children = (
				328C835E1CEEF0BA00F06ED3 /* remoteIoUnit */,
				328C83781CEEF0BA00F06ED3 /* remoteIoUnitTests */,
				328C83831CEEF0BA00F06ED3 /* remoteIoUnitUITests */,
				328C835D1CEEF0BA00F06ED3 /* Products */,
				81D008551098F0E616CEC2E6 /* Pods */,
				85708C94D68A49D2EA330D46 /* Frameworks */,
			);
			sourceTree = "<group>";
		};
		328C835D1CEEF0BA00F06ED3 /* Products */ = {
			isa = PBXGroup;
			children = (
				328C835C1CEEF0BA00F06ED3 /* remoteIoUnit.app */,
				328C83751CEEF0BA00F06ED3 /* remoteIoUnitTests.xctest */,
				328C83801CEEF0BA00F06ED3 /* remoteIoUnitUITests.xctest */,
			);
			name = Products;
			sourceTree = "<group>";
		};
		328C835E1CEEF0BA00F06ED3 /* remoteIoUnit */ = {
			isa = PBXGroup;
			children = (
				328C83621CEEF0BA00F06ED3 /* AppDelegate.h */,
				328C83631CEEF0BA00F06ED3 /* AppDelegate.m */,
				328C83651CEEF0BA00F06ED3 /* ViewController.h */,
				328C83661CEEF0BA00F06ED3 /* ViewController.m */,
				2AEF77321D2B957300FCE915 /* ServerViewController.h */,
				2AEF77331D2B957300FCE915 /* ServerViewController.m */,
				2AAF52D91D2BF61E00B808F3 /* AudioViewController.h */,
				2AAF52DA1D2BF61E00B808F3 /* AudioViewController.m */,
				328C83681CEEF0BA00F06ED3 /* Main.storyboard */,
				328C836B1CEEF0BA00F06ED3 /* Assets.xcassets */,
				328C836D1CEEF0BA00F06ED3 /* LaunchScreen.storyboard */,
				328C83701CEEF0BA00F06ED3 /* Info.plist */,
				2A0671041D2C099200CF9FFB /* love.mp3 */,
				328C835F1CEEF0BA00F06ED3 /* Supporting Files */,
				328C83931CEEFA1C00F06ED3 /* InMemoryAudioFile.h */,
				328C83941CEEFA1C00F06ED3 /* InMemoryAudioFile.m */,
			);
			path = remoteIoUnit;
			sourceTree = "<group>";
		};
		328C835F1CEEF0BA00F06ED3 /* Supporting Files */ = {
			isa = PBXGroup;
			children = (
				328C83601CEEF0BA00F06ED3 /* main.m */,
			);
			name = "Supporting Files";
			sourceTree = "<group>";
		};
		328C83781CEEF0BA00F06ED3 /* remoteIoUnitTests */ = {
			isa = PBXGroup;
			children = (
				328C83791CEEF0BA00F06ED3 /* remoteIoUnitTests.m */,
				328C837B1CEEF0BA00F06ED3 /* Info.plist */,
			);
			path = remoteIoUnitTests;
			sourceTree = "<group>";
		};
		328C83831CEEF0BA00F06ED3 /* remoteIoUnitUITests */ = {
			isa = PBXGroup;
			children = (
				328C83841CEEF0BA00F06ED3 /* remoteIoUnitUITests.m */,
				328C83861CEEF0BA00F06ED3 /* Info.plist */,
			);
			path = remoteIoUnitUITests;
			sourceTree = "<group>";
		};
		81D008551098F0E616CEC2E6 /* Pods */ = {
			isa = PBXGroup;
			children = (
				C1CD2AF8A4DA922806D1CA15 /* Pods.debug.xcconfig */,
				B14F726EA75017AD8AF2AAA9 /* Pods.release.xcconfig */,
			);
			name = Pods;
			sourceTree = "<group>";
		};
		85708C94D68A49D2EA330D46 /* Frameworks */ = {
			isa = PBXGroup;
			children = (
				32FC49701CF58B2F001AFFDE /* OpenAL.framework */,
				A0694F968107073A9A3D8EED /* libPods.a */,
			);
			name = Frameworks;
			sourceTree = "<group>";
		};
/* End PBXGroup section */

/* Begin PBXNativeTarget section */
		328C835B1CEEF0BA00F06ED3 /* remoteIoUnit */ = {
			isa = PBXNativeTarget;
			buildConfigurationList = 328C83891CEEF0BA00F06ED3 /* Build configuration list for PBXNativeTarget "remoteIoUnit" */;
			buildPhases = (
				83E0DA6AB7F37701907E81FF /* Check Pods Manifest.lock */,
				328C83581CEEF0BA00F06ED3 /* Sources */,
				328C83591CEEF0BA00F06ED3 /* Frameworks */,
				328C835A1CEEF0BA00F06ED3 /* Resources */,
				F9E98997CC93CBE27562A552 /* Embed Pods Frameworks */,
				1CDABFAD4291AAD2D197C80F /* Copy Pods Resources */,
			);
			buildRules = (
			);
			dependencies = (
			);
			name = remoteIoUnit;
			productName = remoteIoUnit;
			productReference = 328C835C1CEEF0BA00F06ED3 /* remoteIoUnit.app */;
			productType = "com.apple.product-type.application";
		};
		328C83741CEEF0BA00F06ED3 /* remoteIoUnitTests */ = {
			isa = PBXNativeTarget;
			buildConfigurationList = 328C838C1CEEF0BA00F06ED3 /* Build configuration list for PBXNativeTarget "remoteIoUnitTests" */;
			buildPhases = (
				328C83711CEEF0BA00F06ED3 /* Sources */,
				328C83721CEEF0BA00F06ED3 /* Frameworks */,
				328C83731CEEF0BA00F06ED3 /* Resources */,
			);
			buildRules = (
			);
			dependencies = (
				328C83771CEEF0BA00F06ED3 /* PBXTargetDependency */,
			);
			name = remoteIoUnitTests;
			productName = remoteIoUnitTests;
			productReference = 328C83751CEEF0BA00F06ED3 /* remoteIoUnitTests.xctest */;
			productType = "com.apple.product-type.bundle.unit-test";
		};
		328C837F1CEEF0BA00F06ED3 /* remoteIoUnitUITests */ = {
			isa = PBXNativeTarget;
			buildConfigurationList = 328C838F1CEEF0BA00F06ED3 /* Build configuration list for PBXNativeTarget "remoteIoUnitUITests" */;
			buildPhases = (
				328C837C1CEEF0BA00F06ED3 /* Sources */,
				328C837D1CEEF0BA00F06ED3 /* Frameworks */,
				328C837E1CEEF0BA00F06ED3 /* Resources */,
			);
			buildRules = (
			);
			dependencies = (
				328C83821CEEF0BA00F06ED3 /* PBXTargetDependency */,
			);
			name = remoteIoUnitUITests;
			productName = remoteIoUnitUITests;
			productReference = 328C83801CEEF0BA00F06ED3 /* remoteIoUnitUITests.xctest */;
			productType = "com.apple.product-type.bundle.ui-testing";
		};
/* End PBXNativeTarget section */

/* Begin PBXProject section */
		328C83541CEEF0BA00F06ED3 /* Project object */ = {
			isa = PBXProject;
			attributes = {
				LastUpgradeCheck = 0730;
				ORGANIZATIONNAME = "王凡";
				TargetAttributes = {
					328C835B1CEEF0BA00F06ED3 = {
						CreatedOnToolsVersion = 7.3;
					};
					328C83741CEEF0BA00F06ED3 = {
						CreatedOnToolsVersion = 7.3;
						TestTargetID = 328C835B1CEEF0BA00F06ED3;
					};
					328C837F1CEEF0BA00F06ED3 = {
						CreatedOnToolsVersion = 7.3;
						TestTargetID = 328C835B1CEEF0BA00F06ED3;
					};
				};
			};
			buildConfigurationList = 328C83571CEEF0BA00F06ED3 /* Build configuration list for PBXProject "remoteIoUnit" */;
			compatibilityVersion = "Xcode 3.2";
			developmentRegion = English;
			hasScannedForEncodings = 0;
			knownRegions = (
				en,
				Base,
			);
			mainGroup = 328C83531CEEF0BA00F06ED3;
			productRefGroup = 328C835D1CEEF0BA00F06ED3 /* Products */;
			projectDirPath = "";
			projectRoot = "";
			targets = (
				328C835B1CEEF0BA00F06ED3 /* remoteIoUnit */,
				328C83741CEEF0BA00F06ED3 /* remoteIoUnitTests */,
				328C837F1CEEF0BA00F06ED3 /* remoteIoUnitUITests */,
			);
		};
/* End PBXProject section */

/* Begin PBXResourcesBuildPhase section */
		328C835A1CEEF0BA00F06ED3 /* Resources */ = {
			isa = PBXResourcesBuildPhase;
			buildActionMask = 2147483647;
			files = (
				2A0671051D2C099200CF9FFB /* love.mp3 in Resources */,
				328C836F1CEEF0BA00F06ED3 /* LaunchScreen.storyboard in Resources */,
				328C836C1CEEF0BA00F06ED3 /* Assets.xcassets in Resources */,
				328C836A1CEEF0BA00F06ED3 /* Main.storyboard in Resources */,
			);
			runOnlyForDeploymentPostprocessing = 0;
		};
		328C83731CEEF0BA00F06ED3 /* Resources */ = {
			isa = PBXResourcesBuildPhase;
			buildActionMask = 2147483647;
			files = (
			);
			runOnlyForDeploymentPostprocessing = 0;
		};
		328C837E1CEEF0BA00F06ED3 /* Resources */ = {
			isa = PBXResourcesBuildPhase;
			buildActionMask = 2147483647;
			files = (
			);
			runOnlyForDeploymentPostprocessing = 0;
		};
/* End PBXResourcesBuildPhase section */

/* Begin PBXShellScriptBuildPhase section */
		1CDABFAD4291AAD2D197C80F /* Copy Pods Resources */ = {
			isa = PBXShellScriptBuildPhase;
			buildActionMask = 2147483647;
			files = (
			);
			inputPaths = (
			);
			name = "Copy Pods Resources";
			outputPaths = (
			);
			runOnlyForDeploymentPostprocessing = 0;
			shellPath = /bin/sh;
			shellScript = "\"${SRCROOT}/Pods/Target Support Files/Pods/Pods-resources.sh\"\n";
			showEnvVarsInLog = 0;
		};
		83E0DA6AB7F37701907E81FF /* Check Pods Manifest.lock */ = {
			isa = PBXShellScriptBuildPhase;
			buildActionMask = 2147483647;
			files = (
			);
			inputPaths = (
			);
			name = "Check Pods Manifest.lock";
			outputPaths = (
			);
			runOnlyForDeploymentPostprocessing = 0;
			shellPath = /bin/sh;
			shellScript = "diff \"${PODS_ROOT}/../Podfile.lock\" \"${PODS_ROOT}/Manifest.lock\" > /dev/null\nif [[ $? != 0 ]] ; then\n    cat << EOM\nerror: The sandbox is not in sync with the Podfile.lock. Run 'pod install' or update your CocoaPods installation.\nEOM\n    exit 1\nfi\n";
			showEnvVarsInLog = 0;
		};
		F9E98997CC93CBE27562A552 /* Embed Pods Frameworks */ = {
			isa = PBXShellScriptBuildPhase;
			buildActionMask = 2147483647;
			files = (
			);
			inputPaths = (
			);
			name = "Embed Pods Frameworks";
			outputPaths = (
			);
			runOnlyForDeploymentPostprocessing = 0;
			shellPath = /bin/sh;
			shellScript = "\"${SRCROOT}/Pods/Target Support Files/Pods/Pods-frameworks.sh\"\n";
			showEnvVarsInLog = 0;
		};
/* End PBXShellScriptBuildPhase section */

/* Begin PBXSourcesBuildPhase section */
		328C83581CEEF0BA00F06ED3 /* Sources */ = {
			isa = PBXSourcesBuildPhase;
			buildActionMask = 2147483647;
			files = (
				328C83951CEEFA1C00F06ED3 /* InMemoryAudioFile.m in Sources */,
				328C83671CEEF0BA00F06ED3 /* ViewController.m in Sources */,
				328C83641CEEF0BA00F06ED3 /* AppDelegate.m in Sources */,
				328C83611CEEF0BA00F06ED3 /* main.m in Sources */,
				2AEF77341D2B957300FCE915 /* ServerViewController.m in Sources */,
				2AAF52DB1D2BF61E00B808F3 /* AudioViewController.m in Sources */,
			);
			runOnlyForDeploymentPostprocessing = 0;
		};
		328C83711CEEF0BA00F06ED3 /* Sources */ = {
			isa = PBXSourcesBuildPhase;
			buildActionMask = 2147483647;
			files = (
				328C837A1CEEF0BA00F06ED3 /* remoteIoUnitTests.m in Sources */,
			);
			runOnlyForDeploymentPostprocessing = 0;
		};
		328C837C1CEEF0BA00F06ED3 /* Sources */ = {
			isa = PBXSourcesBuildPhase;
			buildActionMask = 2147483647;
			files = (
				328C83851CEEF0BA00F06ED3 /* remoteIoUnitUITests.m in Sources */,
			);
			runOnlyForDeploymentPostprocessing = 0;
		};
/* End PBXSourcesBuildPhase section */

/* Begin PBXTargetDependency section */
		328C83771CEEF0BA00F06ED3 /* PBXTargetDependency */ = {
			isa = PBXTargetDependency;
			target = 328C835B1CEEF0BA00F06ED3 /* remoteIoUnit */;
			targetProxy = 328C83761CEEF0BA00F06ED3 /* PBXContainerItemProxy */;
		};
		328C83821CEEF0BA00F06ED3 /* PBXTargetDependency */ = {
			isa = PBXTargetDependency;
			target = 328C835B1CEEF0BA00F06ED3 /* remoteIoUnit */;
			targetProxy = 328C83811CEEF0BA00F06ED3 /* PBXContainerItemProxy */;
		};
/* End PBXTargetDependency section */

/* Begin PBXVariantGroup section */
		328C83681CEEF0BA00F06ED3 /* Main.storyboard */ = {
			isa = PBXVariantGroup;
			children = (
				328C83691CEEF0BA00F06ED3 /* Base */,
			);
			name = Main.storyboard;
			sourceTree = "<group>";
		};
		328C836D1CEEF0BA00F06ED3 /* LaunchScreen.storyboard */ = {
			isa = PBXVariantGroup;
			children = (
				328C836E1CEEF0BA00F06ED3 /* Base */,
			);
			name = LaunchScreen.storyboard;
			sourceTree = "<group>";
		};
/* End PBXVariantGroup section */

/* Begin XCBuildConfiguration section */
		328C83871CEEF0BA00F06ED3 /* Debug */ = {
			isa = XCBuildConfiguration;
			buildSettings = {
				ALWAYS_SEARCH_USER_PATHS = NO;
				CLANG_ANALYZER_NONNULL = YES;
				CLANG_CXX_LANGUAGE_STANDARD = "gnu++0x";
				CLANG_CXX_LIBRARY = "libc++";
				CLANG_ENABLE_MODULES = YES;
				CLANG_ENABLE_OBJC_ARC = YES;
				CLANG_WARN_BOOL_CONVERSION = YES;
				CLANG_WARN_CONSTANT_CONVERSION = YES;
				CLANG_WARN_DIRECT_OBJC_ISA_USAGE = YES_ERROR;
				CLANG_WARN_EMPTY_BODY = YES;
				CLANG_WARN_ENUM_CONVERSION = YES;
				CLANG_WARN_INT_CONVERSION = YES;
				CLANG_WARN_OBJC_ROOT_CLASS = YES_ERROR;
				CLANG_WARN_UNREACHABLE_CODE = YES;
				CLANG_WARN__DUPLICATE_METHOD_MATCH = YES;
				"CODE_SIGN_IDENTITY[sdk=iphoneos*]" = "iPhone Developer";
				COPY_PHASE_STRIP = NO;
				DEBUG_INFORMATION_FORMAT = dwarf;
				ENABLE_STRICT_OBJC_MSGSEND = YES;
				ENABLE_TESTABILITY = YES;
				GCC_C_LANGUAGE_STANDARD = gnu99;
				GCC_DYNAMIC_NO_PIC = NO;
				GCC_NO_COMMON_BLOCKS = YES;
				GCC_OPTIMIZATION_LEVEL = 0;
				GCC_PREPROCESSOR_DEFINITIONS = (
					"DEBUG=1",
					"$(inherited)",
				);
				GCC_WARN_64_TO_32_BIT_CONVERSION = YES;
				GCC_WARN_ABOUT_RETURN_TYPE = YES_ERROR;
				GCC_WARN_UNDECLARED_SELECTOR = YES;
				GCC_WARN_UNINITIALIZED_AUTOS = YES_AGGRESSIVE;
				GCC_WARN_UNUSED_FUNCTION = YES;
				GCC_WARN_UNUSED_VARIABLE = YES;
				IPHONEOS_DEPLOYMENT_TARGET = 9.3;
				MTL_ENABLE_DEBUG_INFO = YES;
				ONLY_ACTIVE_ARCH = YES;
				SDKROOT = iphoneos;
				TARGETED_DEVICE_FAMILY = "1,2";
			};
			name = Debug;
		};
		328C83881CEEF0BA00F06ED3 /* Release */ = {
			isa = XCBuildConfiguration;
			buildSettings = {
				ALWAYS_SEARCH_USER_PATHS = NO;
				CLANG_ANALYZER_NONNULL = YES;
				CLANG_CXX_LANGUAGE_STANDARD = "gnu++0x";
				CLANG_CXX_LIBRARY = "libc++";
				CLANG_ENABLE_MODULES = YES;
				CLANG_ENABLE_OBJC_ARC = YES;
				CLANG_WARN_BOOL_CONVERSION = YES;
				CLANG_WARN_CONSTANT_CONVERSION = YES;
				CLANG_WARN_DIRECT_OBJC_ISA_USAGE = YES_ERROR;
				CLANG_WARN_EMPTY_BODY = YES;
				CLANG_WARN_ENUM_CONVERSION = YES;
				CLANG_WARN_INT_CONVERSION = YES;
				CLANG_WARN_OBJC_ROOT_CLASS = YES_ERROR;
				CLANG_WARN_UNREACHABLE_CODE = YES;
				CLANG_WARN__DUPLICATE_METHOD_MATCH = YES;
				"CODE_SIGN_IDENTITY[sdk=iphoneos*]" = "iPhone Developer";
				COPY_PHASE_STRIP = NO;
				DEBUG_INFORMATION_FORMAT = "dwarf-with-dsym";
				ENABLE_NS_ASSERTIONS = NO;
				ENABLE_STRICT_OBJC_MSGSEND = YES;
				GCC_C_LANGUAGE_STANDARD = gnu99;
				GCC_NO_COMMON_BLOCKS = YES;
				GCC_WARN_64_TO_32_BIT_CONVERSION = YES;
				GCC_WARN_ABOUT_RETURN_TYPE = YES_ERROR;
				GCC_WARN_UNDECLARED_SELECTOR = YES;
				GCC_WARN_UNINITIALIZED_AUTOS = YES_AGGRESSIVE;
				GCC_WARN_UNUSED_FUNCTION = YES;
				GCC_WARN_UNUSED_VARIABLE = YES;
				IPHONEOS_DEPLOYMENT_TARGET = 9.3;
				MTL_ENABLE_DEBUG_INFO = NO;
				SDKROOT = iphoneos;
				TARGETED_DEVICE_FAMILY = "1,2";
				VALIDATE_PRODUCT = YES;
			};
			name = Release;
		};
		328C838A1CEEF0BA00F06ED3 /* Debug */ = {
			isa = XCBuildConfiguration;
			baseConfigurationReference = C1CD2AF8A4DA922806D1CA15 /* Pods.debug.xcconfig */;
			buildSettings = {
				ASSETCATALOG_COMPILER_APPICON_NAME = AppIcon;
				INFOPLIST_FILE = remoteIoUnit/Info.plist;
				IPHONEOS_DEPLOYMENT_TARGET = 7.0;
				LD_RUNPATH_SEARCH_PATHS = "$(inherited) @executable_path/Frameworks";
				PRODUCT_BUNDLE_IDENTIFIER = xxxxfadfadfadsf;
				PRODUCT_NAME = "$(TARGET_NAME)";
			};
			name = Debug;
		};
		328C838B1CEEF0BA00F06ED3 /* Release */ = {
			isa = XCBuildConfiguration;
			baseConfigurationReference = B14F726EA75017AD8AF2AAA9 /* Pods.release.xcconfig */;
			buildSettings = {
				ASSETCATALOG_COMPILER_APPICON_NAME = AppIcon;
				INFOPLIST_FILE = remoteIoUnit/Info.plist;
				IPHONEOS_DEPLOYMENT_TARGET = 7.0;
				LD_RUNPATH_SEARCH_PATHS = "$(inherited) @executable_path/Frameworks";
				PRODUCT_BUNDLE_IDENTIFIER = xxxxfadfadfadsf;
				PRODUCT_NAME = "$(TARGET_NAME)";
			};
			name = Release;
		};
		328C838D1CEEF0BA00F06ED3 /* Debug */ = {
			isa = XCBuildConfiguration;
			buildSettings = {
				BUNDLE_LOADER = "$(TEST_HOST)";
				INFOPLIST_FILE = remoteIoUnitTests/Info.plist;
				LD_RUNPATH_SEARCH_PATHS = "$(inherited) @executable_path/Frameworks @loader_path/Frameworks";
				PRODUCT_BUNDLE_IDENTIFIER = "-2.remoteIoUnitTests";
				PRODUCT_NAME = "$(TARGET_NAME)";
				TEST_HOST = "$(BUILT_PRODUCTS_DIR)/remoteIoUnit.app/remoteIoUnit";
			};
			name = Debug;
		};
		328C838E1CEEF0BA00F06ED3 /* Release */ = {
			isa = XCBuildConfiguration;
			buildSettings = {
				BUNDLE_LOADER = "$(TEST_HOST)";
				INFOPLIST_FILE = remoteIoUnitTests/Info.plist;
				LD_RUNPATH_SEARCH_PATHS = "$(inherited) @executable_path/Frameworks @loader_path/Frameworks";
				PRODUCT_BUNDLE_IDENTIFIER = "-2.remoteIoUnitTests";
				PRODUCT_NAME = "$(TARGET_NAME)";
				TEST_HOST = "$(BUILT_PRODUCTS_DIR)/remoteIoUnit.app/remoteIoUnit";
			};
			name = Release;
		};
		328C83901CEEF0BA00F06ED3 /* Debug */ = {
			isa = XCBuildConfiguration;
			buildSettings = {
				INFOPLIST_FILE = remoteIoUnitUITests/Info.plist;
				LD_RUNPATH_SEARCH_PATHS = "$(inherited) @executable_path/Frameworks @loader_path/Frameworks";
				PRODUCT_BUNDLE_IDENTIFIER = "-2.remoteIoUnitUITests";
				PRODUCT_NAME = "$(TARGET_NAME)";
				TEST_TARGET_NAME = remoteIoUnit;
			};
			name = Debug;
		};
		328C83911CEEF0BA00F06ED3 /* Release */ = {
			isa = XCBuildConfiguration;
			buildSettings = {
				INFOPLIST_FILE = remoteIoUnitUITests/Info.plist;
				LD_RUNPATH_SEARCH_PATHS = "$(inherited) @executable_path/Frameworks @loader_path/Frameworks";
				PRODUCT_BUNDLE_IDENTIFIER = "-2.remoteIoUnitUITests";
				PRODUCT_NAME = "$(TARGET_NAME)";
				TEST_TARGET_NAME = remoteIoUnit;
			};
			name = Release;
		};
/* End XCBuildConfiguration section */

/* Begin XCConfigurationList section */
		328C83571CEEF0BA00F06ED3 /* Build configuration list for PBXProject "remoteIoUnit" */ = {
			isa = XCConfigurationList;
			buildConfigurations = (
				328C83871CEEF0BA00F06ED3 /* Debug */,
				328C83881CEEF0BA00F06ED3 /* Release */,
			);
			defaultConfigurationIsVisible = 0;
			defaultConfigurationName = Release;
		};
		328C83891CEEF0BA00F06ED3 /* Build configuration list for PBXNativeTarget "remoteIoUnit" */ = {
			isa = XCConfigurationList;
			buildConfigurations = (
				328C838A1CEEF0BA00F06ED3 /* Debug */,
				328C838B1CEEF0BA00F06ED3 /* Release */,
			);
			defaultConfigurationIsVisible = 0;
			defaultConfigurationName = Release;
		};
		328C838C1CEEF0BA00F06ED3 /* Build configuration list for PBXNativeTarget "remoteIoUnitTests" */ = {
			isa = XCConfigurationList;
			buildConfigurations = (
				328C838D1CEEF0BA00F06ED3 /* Debug */,
				328C838E1CEEF0BA00F06ED3 /* Release */,
			);
			defaultConfigurationIsVisible = 0;
			defaultConfigurationName = Release;
		};
		328C838F1CEEF0BA00F06ED3 /* Build configuration list for PBXNativeTarget "remoteIoUnitUITests" */ = {
			isa = XCConfigurationList;
			buildConfigurations = (
				328C83901CEEF0BA00F06ED3 /* Debug */,
				328C83911CEEF0BA00F06ED3 /* Release */,
			);
			defaultConfigurationIsVisible = 0;
			defaultConfigurationName = Release;
		};
/* End XCConfigurationList section */
	};
	rootObject = 328C83541CEEF0BA00F06ED3 /* Project object */;
}
